
Microsoft Visual Studio Solution File, Format Version 12.00
# Visual Studio 2012
Project("{FAE04EC0-301F-11D3-BF4B-00C04F79EFBC}") = "KNT_Logic", "KNT_Logic.csproj", "{2B1EF0F6-B3B0-4172-AC15-350E56573327}"
EndProject
Project("{FAE04EC0-301F-11D3-BF4B-00C04F79EFBC}") = "KNT_Game", "..\GUI\KingsNThings.d\KingsNThings\KNT_Game\KNT_Game.csproj", "{24EA4539-AD7A-44FF-9EB8-5C5902BACECE}"
EndProject
Global
	GlobalSection(SolutionConfigurationPlatforms) = preSolution
		Debug|Any CPU = Debug|Any CPU
		Release|Any CPU = Release|Any CPU
	EndGlobalSection
	GlobalSection(ProjectConfigurationPlatforms) = postSolution
		{2B1EF0F6-B3B0-4172-AC15-350E56573327}.Debug|Any CPU.ActiveCfg = Debug|Any CPU
		{2B1EF0F6-B3B0-4172-AC15-350E56573327}.Debug|Any CPU.Build.0 = Debug|Any CPU
		{2B1EF0F6-B3B0-4172-AC15-350E56573327}.Release|Any CPU.ActiveCfg = Release|Any CPU
		{2B1EF0F6-B3B0-4172-AC15-350E56573327}.Release|Any CPU.Build.0 = Release|Any CPU
		{24EA4539-AD7A-44FF-9EB8-5C5902BACECE}.Debug|Any CPU.ActiveCfg = Debug|Any CPU
		{24EA4539-AD7A-44FF-9EB8-5C5902BACECE}.Debug|Any CPU.Build.0 = Debug|Any CPU
		{24EA4539-AD7A-44FF-9EB8-5C5902BACECE}.Release|Any CPU.ActiveCfg = Release|Any CPU
		{24EA4539-AD7A-44FF-9EB8-5C5902BACECE}.Release|Any CPU.Build.0 = Release|Any CPU
	EndGlobalSection
	GlobalSection(SolutionProperties) = preSolution
		HideSolutionNode = FALSE
	EndGlobalSection
EndGlobal
